
Microsoft Visual Studio Solution File, Format Version 12.00
# Visual Studio Version 17
VisualStudioVersion = 17.11.35222.181
MinimumVisualStudioVersion = 10.0.40219.1
Project("{FAE04EC0-301F-11D3-BF4B-00C04F79EFBC}") = "ChatAPI", "ChatAPI.csproj", "{07BF3CF7-D79E-4419-A469-CBF5A1313A7B}"
EndProject
Global
	GlobalSection(SolutionConfigurationPlatforms) = preSolution
		Debug|Any CPU = Debug|Any CPU
		Release|Any CPU = Release|Any CPU
	EndGlobalSection
	GlobalSection(ProjectConfigurationPlatforms) = postSolution
		{07BF3CF7-D79E-4419-A469-CBF5A1313A7B}.Debug|Any CPU.ActiveCfg = Debug|Any CPU
		{07BF3CF7-D79E-4419-A469-CBF5A1313A7B}.Debug|Any CPU.Build.0 = Debug|Any CPU
		{07BF3CF7-D79E-4419-A469-CBF5A1313A7B}.Release|Any CPU.ActiveCfg = Release|Any CPU
		{07BF3CF7-D79E-4419-A469-CBF5A1313A7B}.Release|Any CPU.Build.0 = Release|Any CPU
	EndGlobalSection
	GlobalSection(SolutionProperties) = preSolution
		HideSolutionNode = FALSE
	EndGlobalSection
	GlobalSection(ExtensibilityGlobals) = postSolution
		SolutionGuid = {D12C7684-3ADF-4348-BD57-22DEB7CFE664}
	EndGlobalSection
EndGlobal
